
Microsoft Visual Studio Solution File, Format Version 12.00
# Visual Studio 15
VisualStudioVersion = 15.0.28307.489
MinimumVisualStudioVersion = 10.0.40219.1
Project("{FAE04EC0-301F-11D3-BF4B-00C04F79EFBC}") = "TaxiFarePrediction", "TaxiFarePrediction\TaxiFarePrediction.csproj", "{EF7C9657-425E-41A4-9F2C-73BF6E457D9B}"
EndProject
Global
	GlobalSection(SolutionConfigurationPlatforms) = preSolution
		Debug|Any CPU = Debug|Any CPU
		Release|Any CPU = Release|Any CPU
	EndGlobalSection
	GlobalSection(ProjectConfigurationPlatforms) = postSolution
		{EF7C9657-425E-41A4-9F2C-73BF6E457D9B}.Debug|Any CPU.ActiveCfg = Debug|Any CPU
		{EF7C9657-425E-41A4-9F2C-73BF6E457D9B}.Debug|Any CPU.Build.0 = Debug|Any CPU
		{EF7C9657-425E-41A4-9F2C-73BF6E457D9B}.Release|Any CPU.ActiveCfg = Release|Any CPU
		{EF7C9657-425E-41A4-9F2C-73BF6E457D9B}.Release|Any CPU.Build.0 = Release|Any CPU
	EndGlobalSection
	GlobalSection(SolutionProperties) = preSolution
		HideSolutionNode = FALSE
	EndGlobalSection
	GlobalSection(ExtensibilityGlobals) = postSolution
		SolutionGuid = {82A77392-4D10-401E-BE80-BF619B69AF51}
	EndGlobalSection
EndGlobal
