
Microsoft Visual Studio Solution File, Format Version 12.00
# Visual Studio 15
VisualStudioVersion = 15.0.28307.489
MinimumVisualStudioVersion = 10.0.40219.1
Project("{FAE04EC0-301F-11D3-BF4B-00C04F79EFBC}") = "SpamDetection", "SpamDetection\SpamDetection.csproj", "{2F5855B6-182F-46DF-A70E-B3DAF485B9D0}"
EndProject
Global
	GlobalSection(SolutionConfigurationPlatforms) = preSolution
		Debug|Any CPU = Debug|Any CPU
		Release|Any CPU = Release|Any CPU
	EndGlobalSection
	GlobalSection(ProjectConfigurationPlatforms) = postSolution
		{2F5855B6-182F-46DF-A70E-B3DAF485B9D0}.Debug|Any CPU.ActiveCfg = Debug|Any CPU
		{2F5855B6-182F-46DF-A70E-B3DAF485B9D0}.Debug|Any CPU.Build.0 = Debug|Any CPU
		{2F5855B6-182F-46DF-A70E-B3DAF485B9D0}.Release|Any CPU.ActiveCfg = Release|Any CPU
		{2F5855B6-182F-46DF-A70E-B3DAF485B9D0}.Release|Any CPU.Build.0 = Release|Any CPU
	EndGlobalSection
	GlobalSection(SolutionProperties) = preSolution
		HideSolutionNode = FALSE
	EndGlobalSection
	GlobalSection(ExtensibilityGlobals) = postSolution
		SolutionGuid = {EACB09CD-8342-41F2-80BD-482B1D91A7BE}
	EndGlobalSection
EndGlobal
